
Microsoft Visual Studio Solution File, Format Version 12.00
# Visual Studio Version 16
VisualStudioVersion = 16.0.30907.101
MinimumVisualStudioVersion = 10.0.40219.1
Project("{FAE04EC0-301F-11D3-BF4B-00C04F79EFBC}") = "ASP_CORE_1st_HandsOn", "ASP_CORE_1st_HandsOn\ASP_CORE_1st_HandsOn.csproj", "{6E5BED65-BA62-4C24-AE1C-13447370FFB0}"
EndProject
Global
	GlobalSection(SolutionConfigurationPlatforms) = preSolution
		Debug|Any CPU = Debug|Any CPU
		Release|Any CPU = Release|Any CPU
	EndGlobalSection
	GlobalSection(ProjectConfigurationPlatforms) = postSolution
		{6E5BED65-BA62-4C24-AE1C-13447370FFB0}.Debug|Any CPU.ActiveCfg = Debug|Any CPU
		{6E5BED65-BA62-4C24-AE1C-13447370FFB0}.Debug|Any CPU.Build.0 = Debug|Any CPU
		{6E5BED65-BA62-4C24-AE1C-13447370FFB0}.Release|Any CPU.ActiveCfg = Release|Any CPU
		{6E5BED65-BA62-4C24-AE1C-13447370FFB0}.Release|Any CPU.Build.0 = Release|Any CPU
	EndGlobalSection
	GlobalSection(SolutionProperties) = preSolution
		HideSolutionNode = FALSE
	EndGlobalSection
	GlobalSection(ExtensibilityGlobals) = postSolution
		SolutionGuid = {79EC7DE7-7415-4B17-97B9-708758CA43CE}
	EndGlobalSection
EndGlobal
