
Microsoft Visual Studio Solution File, Format Version 12.00
# Visual Studio Version 16
VisualStudioVersion = 16.0.30907.101
MinimumVisualStudioVersion = 10.0.40219.1
Project("{FAE04EC0-301F-11D3-BF4B-00C04F79EFBC}") = "MultithreadingSample", "MultithreadingSample\MultithreadingSample.csproj", "{4ED212C7-5960-4EFB-AF99-8A9743B8F600}"
EndProject
Global
	GlobalSection(SolutionConfigurationPlatforms) = preSolution
		Debug|Any CPU = Debug|Any CPU
		Release|Any CPU = Release|Any CPU
	EndGlobalSection
	GlobalSection(ProjectConfigurationPlatforms) = postSolution
		{4ED212C7-5960-4EFB-AF99-8A9743B8F600}.Debug|Any CPU.ActiveCfg = Debug|Any CPU
		{4ED212C7-5960-4EFB-AF99-8A9743B8F600}.Debug|Any CPU.Build.0 = Debug|Any CPU
		{4ED212C7-5960-4EFB-AF99-8A9743B8F600}.Release|Any CPU.ActiveCfg = Release|Any CPU
		{4ED212C7-5960-4EFB-AF99-8A9743B8F600}.Release|Any CPU.Build.0 = Release|Any CPU
	EndGlobalSection
	GlobalSection(SolutionProperties) = preSolution
		HideSolutionNode = FALSE
	EndGlobalSection
	GlobalSection(ExtensibilityGlobals) = postSolution
		SolutionGuid = {8239F3F2-8D5A-4888-9202-92D755757326}
	EndGlobalSection
EndGlobal
