
Microsoft Visual Studio Solution File, Format Version 12.00
# Visual Studio Version 16
VisualStudioVersion = 16.0.31025.194
MinimumVisualStudioVersion = 10.0.40219.1
Project("{FAE04EC0-301F-11D3-BF4B-00C04F79EFBC}") = "GenericMedicine", "GenericMedicine\GenericMedicine.csproj", "{FC9B306D-2118-4DE5-92CC-E6F519B12748}"
EndProject
Project("{FAE04EC0-301F-11D3-BF4B-00C04F79EFBC}") = "CreateMedicineDetailTest", "MedicineTest\CreateMedicineDetailTest.csproj", "{5BB06E90-B76B-4853-8EC2-6D080911A7E5}"
EndProject
Project("{FAE04EC0-301F-11D3-BF4B-00C04F79EFBC}") = "CreateCartonDetailTest", "CreateCartonDetailTest\CreateCartonDetailTest.csproj", "{9702B01E-AF19-43AA-A2B2-C286F2260052}"
EndProject
Global
	GlobalSection(SolutionConfigurationPlatforms) = preSolution
		Debug|Any CPU = Debug|Any CPU
		Release|Any CPU = Release|Any CPU
	EndGlobalSection
	GlobalSection(ProjectConfigurationPlatforms) = postSolution
		{FC9B306D-2118-4DE5-92CC-E6F519B12748}.Debug|Any CPU.ActiveCfg = Debug|Any CPU
		{FC9B306D-2118-4DE5-92CC-E6F519B12748}.Debug|Any CPU.Build.0 = Debug|Any CPU
		{FC9B306D-2118-4DE5-92CC-E6F519B12748}.Release|Any CPU.ActiveCfg = Release|Any CPU
		{FC9B306D-2118-4DE5-92CC-E6F519B12748}.Release|Any CPU.Build.0 = Release|Any CPU
		{5BB06E90-B76B-4853-8EC2-6D080911A7E5}.Debug|Any CPU.ActiveCfg = Debug|Any CPU
		{5BB06E90-B76B-4853-8EC2-6D080911A7E5}.Debug|Any CPU.Build.0 = Debug|Any CPU
		{5BB06E90-B76B-4853-8EC2-6D080911A7E5}.Release|Any CPU.ActiveCfg = Release|Any CPU
		{5BB06E90-B76B-4853-8EC2-6D080911A7E5}.Release|Any CPU.Build.0 = Release|Any CPU
		{9702B01E-AF19-43AA-A2B2-C286F2260052}.Debug|Any CPU.ActiveCfg = Debug|Any CPU
		{9702B01E-AF19-43AA-A2B2-C286F2260052}.Debug|Any CPU.Build.0 = Debug|Any CPU
		{9702B01E-AF19-43AA-A2B2-C286F2260052}.Release|Any CPU.ActiveCfg = Release|Any CPU
		{9702B01E-AF19-43AA-A2B2-C286F2260052}.Release|Any CPU.Build.0 = Release|Any CPU
	EndGlobalSection
	GlobalSection(SolutionProperties) = preSolution
		HideSolutionNode = FALSE
	EndGlobalSection
	GlobalSection(ExtensibilityGlobals) = postSolution
		SolutionGuid = {2CB5FF43-DF03-4FCF-9D63-EE14CAE5E8B1}
	EndGlobalSection
EndGlobal
