
Microsoft Visual Studio Solution File, Format Version 12.00
# Visual Studio Version 16
VisualStudioVersion = 16.0.30907.101
MinimumVisualStudioVersion = 10.0.40219.1
Project("{FAE04EC0-301F-11D3-BF4B-00C04F79EFBC}") = "DesignPattern_FinalCaseStudy1", "DesignPattern_FinalCaseStudy1\DesignPattern_FinalCaseStudy1.csproj", "{2A9B567F-5B35-42BF-BCBB-8D59E2C53485}"
EndProject
Global
	GlobalSection(SolutionConfigurationPlatforms) = preSolution
		Debug|Any CPU = Debug|Any CPU
		Release|Any CPU = Release|Any CPU
	EndGlobalSection
	GlobalSection(ProjectConfigurationPlatforms) = postSolution
		{2A9B567F-5B35-42BF-BCBB-8D59E2C53485}.Debug|Any CPU.ActiveCfg = Debug|Any CPU
		{2A9B567F-5B35-42BF-BCBB-8D59E2C53485}.Debug|Any CPU.Build.0 = Debug|Any CPU
		{2A9B567F-5B35-42BF-BCBB-8D59E2C53485}.Release|Any CPU.ActiveCfg = Release|Any CPU
		{2A9B567F-5B35-42BF-BCBB-8D59E2C53485}.Release|Any CPU.Build.0 = Release|Any CPU
	EndGlobalSection
	GlobalSection(SolutionProperties) = preSolution
		HideSolutionNode = FALSE
	EndGlobalSection
	GlobalSection(ExtensibilityGlobals) = postSolution
		SolutionGuid = {24DDD121-7FCC-4B1B-BA65-70C523C295DF}
	EndGlobalSection
EndGlobal
